
Microsoft Visual Studio Solution File, Format Version 12.00
# Visual Studio Version 16
VisualStudioVersion = 16.0.30114.105
MinimumVisualStudioVersion = 10.0.40219.1
Project("{2150E333-8FDC-42A3-9474-1A3956D46DE8}") = "src", "src", "{7DE7EBEE-0F73-4DE9-B251-83A9D012A401}"
EndProject
Project("{9A19103F-16F7-4668-BE54-9A1E7A4F7556}") = "MarsRoverProblem", "src\MarsRoverProblem\MarsRoverProblem.csproj", "{61BC088D-6CD2-41F1-9B5B-72E9D717A3DF}"
EndProject
Project("{2150E333-8FDC-42A3-9474-1A3956D46DE8}") = "tests", "tests", "{D64FFC1D-8DE6-48D5-86AD-0BAEAD739866}"
EndProject
Project("{9A19103F-16F7-4668-BE54-9A1E7A4F7556}") = "MarsRoverProblem.Tests", "tests\MarsRoverProblem.Tests\MarsRoverProblem.Tests.csproj", "{A981D7D7-39F0-4B6F-8716-752D7A30C84D}"
EndProject
Project("{9A19103F-16F7-4668-BE54-9A1E7A4F7556}") = "MarsRoverProblem.App", "src\MarsRoverProblem.App\MarsRoverProblem.App.csproj", "{4BB13D7A-A0E8-4934-BFCF-C061A54138F4}"
EndProject
Global
	GlobalSection(SolutionConfigurationPlatforms) = preSolution
		Debug|Any CPU = Debug|Any CPU
		Debug|x64 = Debug|x64
		Debug|x86 = Debug|x86
		Release|Any CPU = Release|Any CPU
		Release|x64 = Release|x64
		Release|x86 = Release|x86
	EndGlobalSection
	GlobalSection(ProjectConfigurationPlatforms) = postSolution
		{61BC088D-6CD2-41F1-9B5B-72E9D717A3DF}.Debug|Any CPU.ActiveCfg = Debug|Any CPU
		{61BC088D-6CD2-41F1-9B5B-72E9D717A3DF}.Debug|Any CPU.Build.0 = Debug|Any CPU
		{61BC088D-6CD2-41F1-9B5B-72E9D717A3DF}.Debug|x64.ActiveCfg = Debug|Any CPU
		{61BC088D-6CD2-41F1-9B5B-72E9D717A3DF}.Debug|x64.Build.0 = Debug|Any CPU
		{61BC088D-6CD2-41F1-9B5B-72E9D717A3DF}.Debug|x86.ActiveCfg = Debug|Any CPU
		{61BC088D-6CD2-41F1-9B5B-72E9D717A3DF}.Debug|x86.Build.0 = Debug|Any CPU
		{61BC088D-6CD2-41F1-9B5B-72E9D717A3DF}.Release|Any CPU.ActiveCfg = Release|Any CPU
		{61BC088D-6CD2-41F1-9B5B-72E9D717A3DF}.Release|Any CPU.Build.0 = Release|Any CPU
		{61BC088D-6CD2-41F1-9B5B-72E9D717A3DF}.Release|x64.ActiveCfg = Release|Any CPU
		{61BC088D-6CD2-41F1-9B5B-72E9D717A3DF}.Release|x64.Build.0 = Release|Any CPU
		{61BC088D-6CD2-41F1-9B5B-72E9D717A3DF}.Release|x86.ActiveCfg = Release|Any CPU
		{61BC088D-6CD2-41F1-9B5B-72E9D717A3DF}.Release|x86.Build.0 = Release|Any CPU
		{A981D7D7-39F0-4B6F-8716-752D7A30C84D}.Debug|Any CPU.ActiveCfg = Debug|Any CPU
		{A981D7D7-39F0-4B6F-8716-752D7A30C84D}.Debug|Any CPU.Build.0 = Debug|Any CPU
		{A981D7D7-39F0-4B6F-8716-752D7A30C84D}.Debug|x64.ActiveCfg = Debug|Any CPU
		{A981D7D7-39F0-4B6F-8716-752D7A30C84D}.Debug|x64.Build.0 = Debug|Any CPU
		{A981D7D7-39F0-4B6F-8716-752D7A30C84D}.Debug|x86.ActiveCfg = Debug|Any CPU
		{A981D7D7-39F0-4B6F-8716-752D7A30C84D}.Debug|x86.Build.0 = Debug|Any CPU
		{A981D7D7-39F0-4B6F-8716-752D7A30C84D}.Release|Any CPU.ActiveCfg = Release|Any CPU
		{A981D7D7-39F0-4B6F-8716-752D7A30C84D}.Release|Any CPU.Build.0 = Release|Any CPU
		{A981D7D7-39F0-4B6F-8716-752D7A30C84D}.Release|x64.ActiveCfg = Release|Any CPU
		{A981D7D7-39F0-4B6F-8716-752D7A30C84D}.Release|x64.Build.0 = Release|Any CPU
		{A981D7D7-39F0-4B6F-8716-752D7A30C84D}.Release|x86.ActiveCfg = Release|Any CPU
		{A981D7D7-39F0-4B6F-8716-752D7A30C84D}.Release|x86.Build.0 = Release|Any CPU
		{4BB13D7A-A0E8-4934-BFCF-C061A54138F4}.Debug|Any CPU.ActiveCfg = Debug|Any CPU
		{4BB13D7A-A0E8-4934-BFCF-C061A54138F4}.Debug|Any CPU.Build.0 = Debug|Any CPU
		{4BB13D7A-A0E8-4934-BFCF-C061A54138F4}.Debug|x64.ActiveCfg = Debug|Any CPU
		{4BB13D7A-A0E8-4934-BFCF-C061A54138F4}.Debug|x64.Build.0 = Debug|Any CPU
		{4BB13D7A-A0E8-4934-BFCF-C061A54138F4}.Debug|x86.ActiveCfg = Debug|Any CPU
		{4BB13D7A-A0E8-4934-BFCF-C061A54138F4}.Debug|x86.Build.0 = Debug|Any CPU
		{4BB13D7A-A0E8-4934-BFCF-C061A54138F4}.Release|Any CPU.ActiveCfg = Release|Any CPU
		{4BB13D7A-A0E8-4934-BFCF-C061A54138F4}.Release|Any CPU.Build.0 = Release|Any CPU
		{4BB13D7A-A0E8-4934-BFCF-C061A54138F4}.Release|x64.ActiveCfg = Release|Any CPU
		{4BB13D7A-A0E8-4934-BFCF-C061A54138F4}.Release|x64.Build.0 = Release|Any CPU
		{4BB13D7A-A0E8-4934-BFCF-C061A54138F4}.Release|x86.ActiveCfg = Release|Any CPU
		{4BB13D7A-A0E8-4934-BFCF-C061A54138F4}.Release|x86.Build.0 = Release|Any CPU
	EndGlobalSection
	GlobalSection(SolutionProperties) = preSolution
		HideSolutionNode = FALSE
	EndGlobalSection
	GlobalSection(NestedProjects) = preSolution
		{61BC088D-6CD2-41F1-9B5B-72E9D717A3DF} = {7DE7EBEE-0F73-4DE9-B251-83A9D012A401}
		{A981D7D7-39F0-4B6F-8716-752D7A30C84D} = {D64FFC1D-8DE6-48D5-86AD-0BAEAD739866}
		{4BB13D7A-A0E8-4934-BFCF-C061A54138F4} = {7DE7EBEE-0F73-4DE9-B251-83A9D012A401}
	EndGlobalSection
	GlobalSection(ExtensibilityGlobals) = postSolution
		SolutionGuid = {07010577-BBF0-4393-816D-E0053C5E8CEB}
	EndGlobalSection
EndGlobal
